{
  "name": "http-example",
  "version": "1.0.0",
  "lockfileVersion": 1,
  "requires": true,
  "dependencies": {
    "axios": {
      "version": "0.19.2",
      "resolved": "https://registry.npmjs.org/axios/-/axios-0.19.2.tgz",
      "integrity": "sha512-fjgm5MvRHLhx+osE2xoekY70AhARk3a6hkN+3Io1jc00jtquGvxYlKlsFUhmUET0V5te6CcZI7lcv2Ym61mjHA==",
      "requires": {
        "follow-redirects": "1.5.10"
      }
    },
    "charenc": {
      "version": "0.0.2",
      "resolved": "https://registry.npmjs.org/charenc/-/charenc-0.0.2.tgz",
      "integrity": "sha1-wKHS86cJLgN3S/qD8UwPxXkKhmc="
    },
    "crypt": {
      "version": "0.0.2",
      "resolved": "https://registry.npmjs.org/crypt/-/crypt-0.0.2.tgz",
      "integrity": "sha1-iNf/fsDfuG9xPch7u0LQRNPmxBs="
    },
    "debug": {
      "version": "3.1.0",
      "resolved": "https://registry.npmjs.org/debug/-/debug-3.1.0.tgz",
      "integrity": "sha512-OX8XqP7/1a9cqkxYw2yXss15f26NKWBpDXQd0/uK/KPqdQhxbPa994hnzjcE2VqQpDslf55723cKPUOGSmMY3g==",
      "requires": {
        "ms": "2.0.0"
      }
    },
    "epsagon": {
      "version": "1.56.1",
      "resolved": "https://registry.npmjs.org/epsagon/-/epsagon-1.56.1.tgz",
      "integrity": "sha512-40sv6MPpKfDOKof5T5mFgATLUX20wvK2DOpguxhqrb0hSmCvuGCIup1e7TNeTaG1Yi+KBUiqG6T20jaqRLyy/Q==",
      "requires": {
        "axios": "^0.19.0",
        "google-protobuf": "^3.5.0",
        "json.sortify": "^2.2.2",
        "md5": "^2.2.1",
        "shimmer": "^1.2.0",
        "uuid-to-hex": "^1.0.3",
        "uuid4": "^1.0.0"
      }
    },
    "follow-redirects": {
      "version": "1.5.10",
      "resolved": "https://registry.npmjs.org/follow-redirects/-/follow-redirects-1.5.10.tgz",
      "integrity": "sha512-0V5l4Cizzvqt5D44aTXbFZz+FtyXV1vrDN6qrelxtfYQKW0KO0W2T/hkE8xvGa/540LkZlkaUjO4ailYTFtHVQ==",
      "requires": {
        "debug": "=3.1.0"
      }
    },
    "google-protobuf": {
      "version": "3.11.4",
      "resolved": "https://registry.npmjs.org/google-protobuf/-/google-protobuf-3.11.4.tgz",
      "integrity": "sha512-lL6b04rDirurUBOgsY2+LalI6Evq8eH5TcNzi7TYQ3BsIWelT0KSOQSBsXuavEkNf+odQU6c0lgz3UsZXeNX9Q=="
    },
    "is-buffer": {
      "version": "1.1.6",
      "resolved": "https://registry.npmjs.org/is-buffer/-/is-buffer-1.1.6.tgz",
      "integrity": "sha512-NcdALwpXkTm5Zvvbk7owOUSvVvBKDgKP5/ewfXEznmQFfs4ZRmanOeKBTjRVjka3QFoN6XJ+9F3USqfHqTaU5w=="
    },
    "json.sortify": {
      "version": "2.2.2",
      "resolved": "https://registry.npmjs.org/json.sortify/-/json.sortify-2.2.2.tgz",
      "integrity": "sha512-wwFLdDffs747s5cqLA3htIKp9wdID2rWNofJKxwDjFo+rqqt5Vg7SnYOh7mc7MW6Iw43rrOFhr6MKytOtNceSA=="
    },
    "md5": {
      "version": "2.2.1",
      "resolved": "https://registry.npmjs.org/md5/-/md5-2.2.1.tgz",
      "integrity": "sha1-U6s41f48iJG6RlMp6iP6wFQBJvk=",
      "requires": {
        "charenc": "~0.0.1",
        "crypt": "~0.0.1",
        "is-buffer": "~1.1.1"
      }
    },
    "ms": {
      "version": "2.0.0",
      "resolved": "https://registry.npmjs.org/ms/-/ms-2.0.0.tgz",
      "integrity": "sha1-VgiurfwAvmwpAd9fmGF4jeDVl8g="
    },
    "shimmer": {
      "version": "1.2.1",
      "resolved": "https://registry.npmjs.org/shimmer/-/shimmer-1.2.1.tgz",
      "integrity": "sha512-sQTKC1Re/rM6XyFM6fIAGHRPVGvyXfgzIDvzoq608vM+jeyVD0Tu1E6Np0Kc2zAIFWIj963V2800iF/9LPieQw=="
    },
    "uuid-parse": {
      "version": "1.1.0",
      "resolved": "https://registry.npmjs.org/uuid-parse/-/uuid-parse-1.1.0.tgz",
      "integrity": "sha512-OdmXxA8rDsQ7YpNVbKSJkNzTw2I+S5WsbMDnCtIWSQaosNAcWtFuI/YK1TjzUI6nbkgiqEyh8gWngfcv8Asd9A=="
    },
    "uuid-to-hex": {
      "version": "1.0.3",
      "resolved": "https://registry.npmjs.org/uuid-to-hex/-/uuid-to-hex-1.0.3.tgz",
      "integrity": "sha512-uvwrJARkX1KKXMm/b+OBEB9OdiWgJtzQCsBx5qrOXj8tTos+JTNshSm1q2DHPdkewG6S4V2jZ7EpsuViPX1C5g==",
      "requires": {
        "uuid-parse": "^1.0.0",
        "validator": "^9.1.1"
      }
    },
    "uuid4": {
      "version": "1.1.4",
      "resolved": "https://registry.npmjs.org/uuid4/-/uuid4-1.1.4.tgz",
      "integrity": "sha512-Gr1q2k40LpF8CokcnQFjPDsdslzJbTCTBG5xQIEflUov431gFkY5KduiGIeKYAamkQnNn4IfdHJbLnl9Bib8TQ=="
    },
    "validator": {
      "version": "9.4.1",
      "resolved": "https://registry.npmjs.org/validator/-/validator-9.4.1.tgz",
      "integrity": "sha512-YV5KjzvRmSyJ1ee/Dm5UED0G+1L4GZnLN3w6/T+zZm8scVua4sOhYKWTUrKa0H/tMiJyO9QLHMPN+9mB/aMunA=="
    }
  }
}
